
Microsoft Visual Studio Solution File, Format Version 12.00
# Visual Studio Version 17
VisualStudioVersion = 17.0.31903.59
MinimumVisualStudioVersion = 10.0.40219.1
Project("{2150E333-8FDC-42A3-9474-1A3956D46DE8}") = "src", "src", "{827E0CD3-B72D-47B6-A68D-7590B98EB39B}"
EndProject
Project("{FAE04EC0-301F-11D3-BF4B-00C04F79EFBC}") = "GTPSchedulerApplication.API", "src\GTPSchedulerApplication.API\GTPSchedulerApplication.API.csproj", "{C00865A2-F9E5-447E-B3C9-435CA6C47BB9}"
EndProject
Project("{FAE04EC0-301F-11D3-BF4B-00C04F79EFBC}") = "GTPSchedulerApplication.Core", "src\GTPSchedulerApplication.Core\GTPSchedulerApplication.Core.csproj", "{3239BACA-34A2-4862-99EA-A1864C0B1989}"
EndProject
Project("{FAE04EC0-301F-11D3-BF4B-00C04F79EFBC}") = "GTPSchedulerApplication.Infrastructure", "src\GTPSchedulerApplication.Infrastructure\GTPSchedulerApplication.Infrastructure.csproj", "{2768B15E-B462-4451-9AF9-A6BF42CFD258}"
EndProject
Project("{FAE04EC0-301F-11D3-BF4B-00C04F79EFBC}") = "GTPSchedulerApplication.Tests", "src\GTPSchedulerApplication.Tests\GTPSchedulerApplication.Tests.csproj", "{46A21B34-F6BF-4338-BBD1-95CFB17DD913}"
EndProject
Global
	GlobalSection(SolutionConfigurationPlatforms) = preSolution
		Debug|Any CPU = Debug|Any CPU
		Debug|x64 = Debug|x64
		Debug|x86 = Debug|x86
		Release|Any CPU = Release|Any CPU
		Release|x64 = Release|x64
		Release|x86 = Release|x86
	EndGlobalSection
	GlobalSection(ProjectConfigurationPlatforms) = postSolution
		{C00865A2-F9E5-447E-B3C9-435CA6C47BB9}.Debug|Any CPU.ActiveCfg = Debug|Any CPU
		{C00865A2-F9E5-447E-B3C9-435CA6C47BB9}.Debug|Any CPU.Build.0 = Debug|Any CPU
		{C00865A2-F9E5-447E-B3C9-435CA6C47BB9}.Debug|x64.ActiveCfg = Debug|Any CPU
		{C00865A2-F9E5-447E-B3C9-435CA6C47BB9}.Debug|x64.Build.0 = Debug|Any CPU
		{C00865A2-F9E5-447E-B3C9-435CA6C47BB9}.Debug|x86.ActiveCfg = Debug|Any CPU
		{C00865A2-F9E5-447E-B3C9-435CA6C47BB9}.Debug|x86.Build.0 = Debug|Any CPU
		{C00865A2-F9E5-447E-B3C9-435CA6C47BB9}.Release|Any CPU.ActiveCfg = Release|Any CPU
		{C00865A2-F9E5-447E-B3C9-435CA6C47BB9}.Release|Any CPU.Build.0 = Release|Any CPU
		{C00865A2-F9E5-447E-B3C9-435CA6C47BB9}.Release|x64.ActiveCfg = Release|Any CPU
		{C00865A2-F9E5-447E-B3C9-435CA6C47BB9}.Release|x64.Build.0 = Release|Any CPU
		{C00865A2-F9E5-447E-B3C9-435CA6C47BB9}.Release|x86.ActiveCfg = Release|Any CPU
		{C00865A2-F9E5-447E-B3C9-435CA6C47BB9}.Release|x86.Build.0 = Release|Any CPU
		{3239BACA-34A2-4862-99EA-A1864C0B1989}.Debug|Any CPU.ActiveCfg = Debug|Any CPU
		{3239BACA-34A2-4862-99EA-A1864C0B1989}.Debug|Any CPU.Build.0 = Debug|Any CPU
		{3239BACA-34A2-4862-99EA-A1864C0B1989}.Debug|x64.ActiveCfg = Debug|Any CPU
		{3239BACA-34A2-4862-99EA-A1864C0B1989}.Debug|x64.Build.0 = Debug|Any CPU
		{3239BACA-34A2-4862-99EA-A1864C0B1989}.Debug|x86.ActiveCfg = Debug|Any CPU
		{3239BACA-34A2-4862-99EA-A1864C0B1989}.Debug|x86.Build.0 = Debug|Any CPU
		{3239BACA-34A2-4862-99EA-A1864C0B1989}.Release|Any CPU.ActiveCfg = Release|Any CPU
		{3239BACA-34A2-4862-99EA-A1864C0B1989}.Release|Any CPU.Build.0 = Release|Any CPU
		{3239BACA-34A2-4862-99EA-A1864C0B1989}.Release|x64.ActiveCfg = Release|Any CPU
		{3239BACA-34A2-4862-99EA-A1864C0B1989}.Release|x64.Build.0 = Release|Any CPU
		{3239BACA-34A2-4862-99EA-A1864C0B1989}.Release|x86.ActiveCfg = Release|Any CPU
		{3239BACA-34A2-4862-99EA-A1864C0B1989}.Release|x86.Build.0 = Release|Any CPU
		{2768B15E-B462-4451-9AF9-A6BF42CFD258}.Debug|Any CPU.ActiveCfg = Debug|Any CPU
		{2768B15E-B462-4451-9AF9-A6BF42CFD258}.Debug|Any CPU.Build.0 = Debug|Any CPU
		{2768B15E-B462-4451-9AF9-A6BF42CFD258}.Debug|x64.ActiveCfg = Debug|Any CPU
		{2768B15E-B462-4451-9AF9-A6BF42CFD258}.Debug|x64.Build.0 = Debug|Any CPU
		{2768B15E-B462-4451-9AF9-A6BF42CFD258}.Debug|x86.ActiveCfg = Debug|Any CPU
		{2768B15E-B462-4451-9AF9-A6BF42CFD258}.Debug|x86.Build.0 = Debug|Any CPU
		{2768B15E-B462-4451-9AF9-A6BF42CFD258}.Release|Any CPU.ActiveCfg = Release|Any CPU
		{2768B15E-B462-4451-9AF9-A6BF42CFD258}.Release|Any CPU.Build.0 = Release|Any CPU
		{2768B15E-B462-4451-9AF9-A6BF42CFD258}.Release|x64.ActiveCfg = Release|Any CPU
		{2768B15E-B462-4451-9AF9-A6BF42CFD258}.Release|x64.Build.0 = Release|Any CPU
		{2768B15E-B462-4451-9AF9-A6BF42CFD258}.Release|x86.ActiveCfg = Release|Any CPU
		{2768B15E-B462-4451-9AF9-A6BF42CFD258}.Release|x86.Build.0 = Release|Any CPU
		{46A21B34-F6BF-4338-BBD1-95CFB17DD913}.Debug|Any CPU.ActiveCfg = Debug|Any CPU
		{46A21B34-F6BF-4338-BBD1-95CFB17DD913}.Debug|Any CPU.Build.0 = Debug|Any CPU
		{46A21B34-F6BF-4338-BBD1-95CFB17DD913}.Debug|x64.ActiveCfg = Debug|Any CPU
		{46A21B34-F6BF-4338-BBD1-95CFB17DD913}.Debug|x64.Build.0 = Debug|Any CPU
		{46A21B34-F6BF-4338-BBD1-95CFB17DD913}.Debug|x86.ActiveCfg = Debug|Any CPU
		{46A21B34-F6BF-4338-BBD1-95CFB17DD913}.Debug|x86.Build.0 = Debug|Any CPU
		{46A21B34-F6BF-4338-BBD1-95CFB17DD913}.Release|Any CPU.ActiveCfg = Release|Any CPU
		{46A21B34-F6BF-4338-BBD1-95CFB17DD913}.Release|Any CPU.Build.0 = Release|Any CPU
		{46A21B34-F6BF-4338-BBD1-95CFB17DD913}.Release|x64.ActiveCfg = Release|Any CPU
		{46A21B34-F6BF-4338-BBD1-95CFB17DD913}.Release|x64.Build.0 = Release|Any CPU
		{46A21B34-F6BF-4338-BBD1-95CFB17DD913}.Release|x86.ActiveCfg = Release|Any CPU
		{46A21B34-F6BF-4338-BBD1-95CFB17DD913}.Release|x86.Build.0 = Release|Any CPU
	EndGlobalSection
	GlobalSection(SolutionProperties) = preSolution
		HideSolutionNode = FALSE
	EndGlobalSection
	GlobalSection(NestedProjects) = preSolution
		{C00865A2-F9E5-447E-B3C9-435CA6C47BB9} = {827E0CD3-B72D-47B6-A68D-7590B98EB39B}
		{3239BACA-34A2-4862-99EA-A1864C0B1989} = {827E0CD3-B72D-47B6-A68D-7590B98EB39B}
		{2768B15E-B462-4451-9AF9-A6BF42CFD258} = {827E0CD3-B72D-47B6-A68D-7590B98EB39B}
		{46A21B34-F6BF-4338-BBD1-95CFB17DD913} = {827E0CD3-B72D-47B6-A68D-7590B98EB39B}
	EndGlobalSection
EndGlobal
